
Microsoft Visual Studio Solution File, Format Version 12.00
# Visual Studio Version 17
VisualStudioVersion = 17.11.35327.3
MinimumVisualStudioVersion = 10.0.40219.1
Project("{9A19103F-16F7-4668-BE54-9A1E7A4F7556}") = "EcoMeal1", "EcoMeal1.csproj", "{20515B43-A1A0-4FB4-8A5E-CB13E452001E}"
EndProject
Global
	GlobalSection(SolutionConfigurationPlatforms) = preSolution
		Debug|Any CPU = Debug|Any CPU
		Release|Any CPU = Release|Any CPU
	EndGlobalSection
	GlobalSection(ProjectConfigurationPlatforms) = postSolution
		{20515B43-A1A0-4FB4-8A5E-CB13E452001E}.Debug|Any CPU.ActiveCfg = Debug|Any CPU
		{20515B43-A1A0-4FB4-8A5E-CB13E452001E}.Debug|Any CPU.Build.0 = Debug|Any CPU
		{20515B43-A1A0-4FB4-8A5E-CB13E452001E}.Release|Any CPU.ActiveCfg = Release|Any CPU
		{20515B43-A1A0-4FB4-8A5E-CB13E452001E}.Release|Any CPU.Build.0 = Release|Any CPU
	EndGlobalSection
	GlobalSection(SolutionProperties) = preSolution
		HideSolutionNode = FALSE
	EndGlobalSection
	GlobalSection(ExtensibilityGlobals) = postSolution
		SolutionGuid = {1504EC55-F8A6-494D-B3AF-47DFCC010DD4}
	EndGlobalSection
EndGlobal
